PODS:
  - agora_rtc_engine (3.1.4):
    - AgoraRtcEngine_iOS_Crypto (= 3.1.2)
    - Flutter
  - AgoraRtcEngine_iOS_Crypto (3.1.2)
  - Flutter (1.0.0)
  - integration_test (0.0.1):
    - Flutter
  - "permission_handler (5.0.1+1)":
    - Flutter

DEPENDENCIES:
  - agora_rtc_engine (from `.symlinks/plugins/agora_rtc_engine/ios`)
  - Flutter (from `Flutter`)
  - integration_test (from `.symlinks/plugins/integration_test/ios`)
  - permission_handler (from `.symlinks/plugins/permission_handler/ios`)

SPEC REPOS:
  trunk:
    - AgoraRtcEngine_iOS_Crypto

EXTERNAL SOURCES:
  agora_rtc_engine:
    :path: ".symlinks/plugins/agora_rtc_engine/ios"
  Flutter:
    :path: Flutter
  integration_test:
    :path: ".symlinks/plugins/integration_test/ios"
  permission_handler:
    :path: ".symlinks/plugins/permission_handler/ios"

SPEC CHECKSUMS:
  agora_rtc_engine: d86dde081cdbacc0c28c76d16cb3633c250a4741
  AgoraRtcEngine_iOS_Crypto: 42a7a2142317c588f1b5c2e74b98fd01d73f8f60
  Flutter: 434fef37c0980e73bb6479ef766c45957d4b510c
  integration_test: 5ed24a436eb7ec17b6a13046e9bf7ca4a404e59e
  permission_handler: eac8e15b4a1a3fba55b761d19f3f4e6b005d15b6

PODFILE CHECKSUM: aafe91acc616949ddb318b77800a7f51bffa2a4c

COCOAPODS: 1.9.1
